{
  "name": "brc-192-199-specification-corpus",
  "lockfileVersion": 3,
  "requires": true,
  "packages": {
    "": {
      "name": "brc-192-199-specification-corpus",
      "dependencies": {
        "@bsv/sdk": "2.8.10"
      },
      "engines": {
        "node": ">=22.13"
      }
    },
    "node_modules/@bsv/sdk": {
      "version": "2.8.10",
      "resolved": "https://registry.npmjs.org/@bsv/sdk/-/sdk-2.8.10.tgz",
      "integrity": "sha512-0KJxu772gbF2wKmD2dASciHYfAmo87ddXYknrMgYzGmI683l0trNcZHo0SYLWO5xZqJG5EB4ROyLuWXvhLCYFg==",
      "license": "SEE LICENSE IN LICENSE.txt",
      "engines": {
        "node": ">=22"
      }
    }
  }
}
